{
    "_readme": [
        "This file locks the dependencies of your project to a known state",
        "Read more about it at https://getcomposer.org/doc/01-basic-usage.md#installing-dependencies",
        "This file is @generated automatically"
    ],
    "content-hash": "f08ac69751aebf5551ee34685015f5be",
    "packages": [
        {
            "name": "doctrine/cache",
            "version": "1.10.2",
            "source": {
                "type": "git",
                "url": "https://github.com/doctrine/cache.git",
                "reference": "13e3381b25847283a91948d04640543941309727"
            },
            "dist": {
                "type": "zip",
                "url": "https://api.github.com/repos/doctrine/cache/zipball/13e3381b25847283a91948d04640543941309727",
                "reference": "13e3381b25847283a91948d04640543941309727",
                "shasum": ""
            },
            "require": {
                "php": "~7.1 || ^8.0"
            },
            "conflict": {
                "doctrine/common": ">2.2,<2.4"
            },
            "require-dev": {
                "alcaeus/mongo-php-adapter": "^1.1",
                "doctrine/coding-standard": "^6.0",
                "mongodb/mongodb": "^1.1",
                "phpunit/phpunit": "^7.0",
                "predis/predis": "~1.0"
            },
            "suggest": {
                "alcaeus/mongo-php-adapter": "Required to use legacy MongoDB driver"
            },
            "type": "library",
            "extra": {
                "branch-alias": {
                    "dev-master": "1.9.x-dev"
                }
            },
            "autoload": {
                "psr-4": {
                    "Doctrine\\Common\\Cache\\": "lib/Doctrine/Common/Cache"
                }
            },
            "notification-url": "https://packagist.org/downloads/",
            "license": [
                "MIT"
            ],
            "authors": [
                {
                    "name": "Guilherme Blanco",
                    "email": "guilhermeblanco@gmail.com"
                },
                {
                    "name": "Roman Borschel",
                    "email": "roman@code-factory.org"
                },
                {
                    "name": "Benjamin Eberlei",
                    "email": "kontakt@beberlei.de"
                },
                {
                    "name": "Jonathan Wage",
                    "email": "jonwage@gmail.com"
                },
                {
                    "name": "Johannes Schmitt",
                    "email": "schmittjoh@gmail.com"
                }
            ],
            "description": "PHP Doctrine Cache library is a popular cache implementation that supports many different drivers such as redis, memcache, apc, mongodb and others.",
            "homepage": "https://www.doctrine-project.org/projects/cache.html",
            "keywords": [
                "abstraction",
                "apcu",
                "cache",
                "caching",
                "couchdb",
                "memcached",
                "php",
                "redis",
                "xcache"
            ],
            "support": {
                "issues": "https://github.com/doctrine/cache/issues",
                "source": "https://github.com/doctrine/cache/tree/1.10.x"
            },
            "funding": [
                {
                    "url": "https://www.doctrine-project.org/sponsorship.html",
                    "type": "custom"
                },
                {
                    "url": "https://www.patreon.com/phpdoctrine",
                    "type": "patreon"
                },
                {
                    "url": "https://tidelift.com/funding/github/packagist/doctrine%2Fcache",
                    "type": "tidelift"
                }
            ],
            "time": "2020-07-07T18:54:01+00:00"
        },
        {
            "name": "myqee/database",
            "version": "v4.2.2",
            "source": {
                "type": "git",
                "url": "https://github.com/myqee/database.git",
                "reference": "b336e4be699e2e9431fdf04196e47e71408bc187"
            },
            "dist": {
                "type": "zip",
                "url": "https://api.github.com/repos/myqee/database/zipball/b336e4be699e2e9431fdf04196e47e71408bc187",
                "reference": "b336e4be699e2e9431fdf04196e47e71408bc187",
                "shasum": ""
            },
            "require": {
                "php": ">=5.4.0"
            },
            "type": "library",
            "autoload": {
                "psr-4": {
                    "MyQEE\\Database\\": "src/"
                }
            },
            "notification-url": "https://packagist.org/downloads/",
            "license": [
                "Apache-2.0"
            ],
            "authors": [
                {
                    "name": "呼吸二氧化碳",
                    "email": "jonwang@myqee.com",
                    "homepage": "http://www.queyang.com/"
                }
            ],
            "description": "myqee database library",
            "homepage": "http://www.myqee.com/",
            "keywords": [
                "MyQEE",
                "database"
            ],
            "support": {
                "issues": "https://github.com/myqee/database/issues",
                "source": "https://github.com/myqee/database/tree/master"
            },
            "time": "2017-11-03T07:48:44+00:00"
        },
        {
            "name": "myqee/database-mongodb",
            "version": "v4.2.4",
            "source": {
                "type": "git",
                "url": "https://github.com/myqee/database-mongodb.git",
                "reference": "ab5e9bdcd2e6c67871be3e514c1656e283034038"
            },
            "dist": {
                "type": "zip",
                "url": "https://api.github.com/repos/myqee/database-mongodb/zipball/ab5e9bdcd2e6c67871be3e514c1656e283034038",
                "reference": "ab5e9bdcd2e6c67871be3e514c1656e283034038",
                "shasum": ""
            },
            "require": {
                "myqee/database": "~4.2",
                "myqee/installer": "~4.1",
                "php": ">=5.4.0"
            },
            "require-dev": {
                "myqee/database": "dev-master",
                "myqee/installer": "~4.1"
            },
            "type": "database",
            "extra": {
                "dir": "MongoDB"
            },
            "notification-url": "https://packagist.org/downloads/",
            "license": [
                "Apache-2.0"
            ],
            "authors": [
                {
                    "name": "呼吸二氧化碳",
                    "email": "jonwang@myqee.com",
                    "homepage": "http://www.queyang.com/"
                }
            ],
            "description": "myqee mongodb database library",
            "homepage": "http://www.myqee.com/",
            "keywords": [
                "MyQEE",
                "database"
            ],
            "support": {
                "issues": "https://github.com/myqee/database-mongodb/issues",
                "source": "https://github.com/myqee/database-mongodb/tree/v4.2.4"
            },
            "time": "2020-07-29T04:50:37+00:00"
        },
        {
            "name": "myqee/database-mysqli",
            "version": "v4.1.2",
            "source": {
                "type": "git",
                "url": "https://github.com/myqee/database-mysqli.git",
                "reference": "6591b08fefcd9eb22485a1f13d3d93e7652cb52d"
            },
            "dist": {
                "type": "zip",
                "url": "https://api.github.com/repos/myqee/database-mysqli/zipball/6591b08fefcd9eb22485a1f13d3d93e7652cb52d",
                "reference": "6591b08fefcd9eb22485a1f13d3d93e7652cb52d",
                "shasum": ""
            },
            "require": {
                "myqee/database": "~4.1",
                "myqee/installer": "~4.1",
                "php": ">=5.4.0"
            },
            "require-dev": {
                "myqee/database": "dev-master",
                "myqee/installer": "~4.1"
            },
            "type": "database",
            "extra": {
                "dir": "MySQLi"
            },
            "notification-url": "https://packagist.org/downloads/",
            "license": [
                "Apache-2.0"
            ],
            "authors": [
                {
                    "name": "呼吸二氧化碳",
                    "email": "jonwang@myqee.com",
                    "homepage": "http://www.queyang.com/"
                }
            ],
            "description": "myqee mysqli database library",
            "homepage": "http://www.myqee.com/",
            "keywords": [
                "MyQEE",
                "database",
                "driver",
                "mysqli"
            ],
            "support": {
                "issues": "https://github.com/myqee/database-mysqli/issues",
                "source": "https://github.com/myqee/database-mysqli/tree/master"
            },
            "time": "2016-10-21T08:29:20+00:00"
        },
        {
            "name": "myqee/installer",
            "version": "v4.1.6",
            "source": {
                "type": "git",
                "url": "https://github.com/myqee/installer.git",
                "reference": "6b25d75aef6c85907cab57afcdf271b4b1ffe84f"
            },
            "dist": {
                "type": "zip",
                "url": "https://api.github.com/repos/myqee/installer/zipball/6b25d75aef6c85907cab57afcdf271b4b1ffe84f",
                "reference": "6b25d75aef6c85907cab57afcdf271b4b1ffe84f",
                "shasum": ""
            },
            "type": "composer-installer",
            "extra": {
                "class": "MyQEE\\Installer\\Installer"
            },
            "autoload": {
                "psr-0": {
                    "MyQEE\\Installer": "src/"
                }
            },
            "notification-url": "https://packagist.org/downloads/",
            "license": [
                "Apache-2.0"
            ],
            "authors": [
                {
                    "name": "jonwang",
                    "email": "jonwang@queyang.com",
                    "homepage": "http://www.queyang.com/"
                }
            ],
            "description": "MyQEE Installer for Composer",
            "homepage": "http://www.myqee.com/",
            "keywords": [
                "MyQEE",
                "installer"
            ],
            "support": {
                "issues": "https://github.com/myqee/installer/issues",
                "source": "https://github.com/myqee/installer/tree/master"
            },
            "time": "2016-11-09T05:20:24+00:00"
        },
        {
            "name": "nette/caching",
            "version": "v3.0.2",
            "source": {
                "type": "git",
                "url": "https://github.com/nette/caching.git",
                "reference": "7cab46d8d436e26a874715e6fff13b74d29dbf8c"
            },
            "dist": {
                "type": "zip",
                "url": "https://api.github.com/repos/nette/caching/zipball/7cab46d8d436e26a874715e6fff13b74d29dbf8c",
                "reference": "7cab46d8d436e26a874715e6fff13b74d29dbf8c",
                "shasum": ""
            },
            "require": {
                "nette/finder": "^2.4 || ^3.0",
                "nette/utils": "^2.4 || ^3.0",
                "php": ">=7.1 <8.1"
            },
            "require-dev": {
                "latte/latte": "^2.9",
                "nette/di": "^v3.0",
                "nette/tester": "^2.0",
                "phpstan/phpstan": "^0.12",
                "tracy/tracy": "^2.4"
            },
            "suggest": {
                "ext-pdo_sqlite": "to use SQLiteStorage or SQLiteJournal"
            },
            "type": "library",
            "extra": {
                "branch-alias": {
                    "dev-master": "3.0-dev"
                }
            },
            "autoload": {
                "classmap": [
                    "src/"
                ]
            },
            "notification-url": "https://packagist.org/downloads/",
            "license": [
                "BSD-3-Clause",
                "GPL-2.0-only",
                "GPL-3.0-only"
            ],
            "authors": [
                {
                    "name": "David Grudl",
                    "homepage": "https://davidgrudl.com"
                },
                {
                    "name": "Nette Community",
                    "homepage": "https://nette.org/contributors"
                }
            ],
            "description": "⏱ Nette Caching: library with easy-to-use API and many cache backends.",
            "homepage": "https://nette.org",
            "keywords": [
                "cache",
                "journal",
                "memcached",
                "nette",
                "sqlite"
            ],
            "support": {
                "issues": "https://github.com/nette/caching/issues",
                "source": "https://github.com/nette/caching/tree/v3.0.2"
            },
            "time": "2020-11-16T01:37:04+00:00"
        },
        {
            "name": "nette/database",
            "version": "v3.0.7",
            "source": {
                "type": "git",
                "url": "https://github.com/nette/database.git",
                "reference": "cd75f89558d92f6ab9a5833bc18b895ec0a00ad8"
            },
            "dist": {
                "type": "zip",
                "url": "https://api.github.com/repos/nette/database/zipball/cd75f89558d92f6ab9a5833bc18b895ec0a00ad8",
                "reference": "cd75f89558d92f6ab9a5833bc18b895ec0a00ad8",
                "shasum": ""
            },
            "require": {
                "ext-pdo": "*",
                "nette/caching": "^3.0",
                "nette/utils": "^3.1",
                "php": ">=7.1"
            },
            "conflict": {
                "nette/di": "<3.0-stable"
            },
            "require-dev": {
                "mockery/mockery": "^1.0.0",
                "nette/di": "^v3.0",
                "nette/tester": "^2.0",
                "phpstan/phpstan-nette": "^0.12",
                "tracy/tracy": "^2.4"
            },
            "type": "library",
            "extra": {
                "branch-alias": {
                    "dev-master": "3.0-dev"
                }
            },
            "autoload": {
                "classmap": [
                    "src/"
                ]
            },
            "notification-url": "https://packagist.org/downloads/",
            "license": [
                "BSD-3-Clause",
                "GPL-2.0-only",
                "GPL-3.0-only"
            ],
            "authors": [
                {
                    "name": "David Grudl",
                    "homepage": "https://davidgrudl.com"
                },
                {
                    "name": "Nette Community",
                    "homepage": "https://nette.org/contributors"
                }
            ],
            "description": "💾 Nette Database: layer with a familiar PDO-like API but much more powerful. Building queries, advanced joins, drivers for MySQL, PostgreSQL, SQLite, MS SQL Server and Oracle.",
            "homepage": "https://nette.org",
            "keywords": [
                "database",
                "mssql",
                "mysql",
                "nette",
                "notorm",
                "oracle",
                "pdo",
                "postgresql",
                "queries",
                "sqlite"
            ],
            "support": {
                "issues": "https://github.com/nette/database/issues",
                "source": "https://github.com/nette/database/tree/v3.0.7"
            },
            "time": "2020-10-30T13:01:25+00:00"
        },
        {
            "name": "nette/finder",
            "version": "v2.5.2",
            "source": {
                "type": "git",
                "url": "https://github.com/nette/finder.git",
                "reference": "4ad2c298eb8c687dd0e74ae84206a4186eeaed50"
            },
            "dist": {
                "type": "zip",
                "url": "https://api.github.com/repos/nette/finder/zipball/4ad2c298eb8c687dd0e74ae84206a4186eeaed50",
                "reference": "4ad2c298eb8c687dd0e74ae84206a4186eeaed50",
                "shasum": ""
            },
            "require": {
                "nette/utils": "^2.4 || ^3.0",
                "php": ">=7.1"
            },
            "conflict": {
                "nette/nette": "<2.2"
            },
            "require-dev": {
                "nette/tester": "^2.0",
                "phpstan/phpstan": "^0.12",
                "tracy/tracy": "^2.3"
            },
            "type": "library",
            "extra": {
                "branch-alias": {
                    "dev-master": "2.5-dev"
                }
            },
            "autoload": {
                "classmap": [
                    "src/"
                ]
            },
            "notification-url": "https://packagist.org/downloads/",
            "license": [
                "BSD-3-Clause",
                "GPL-2.0",
                "GPL-3.0"
            ],
            "authors": [
                {
                    "name": "David Grudl",
                    "homepage": "https://davidgrudl.com"
                },
                {
                    "name": "Nette Community",
                    "homepage": "https://nette.org/contributors"
                }
            ],
            "description": "🔍 Nette Finder: find files and directories with an intuitive API.",
            "homepage": "https://nette.org",
            "keywords": [
                "filesystem",
                "glob",
                "iterator",
                "nette"
            ],
            "support": {
                "issues": "https://github.com/nette/finder/issues",
                "source": "https://github.com/nette/finder/tree/v2.5.2"
            },
            "time": "2020-01-03T20:35:40+00:00"
        },
        {
            "name": "nette/utils",
            "version": "v3.2.0",
            "source": {
                "type": "git",
                "url": "https://github.com/nette/utils.git",
                "reference": "d0427c1811462dbb6c503143eabe5478b26685f7"
            },
            "dist": {
                "type": "zip",
                "url": "https://api.github.com/repos/nette/utils/zipball/d0427c1811462dbb6c503143eabe5478b26685f7",
                "reference": "d0427c1811462dbb6c503143eabe5478b26685f7",
                "shasum": ""
            },
            "require": {
                "php": ">=7.2 <8.1"
            },
            "conflict": {
                "nette/di": "<3.0.6"
            },
            "require-dev": {
                "nette/tester": "~2.0",
                "phpstan/phpstan": "^0.12",
                "tracy/tracy": "^2.3"
            },
            "suggest": {
                "ext-gd": "to use Image",
                "ext-iconv": "to use Strings::webalize(), toAscii(), chr() and reverse()",
                "ext-intl": "to use Strings::webalize(), toAscii(), normalize() and compare()",
                "ext-json": "to use Nette\\Utils\\Json",
                "ext-mbstring": "to use Strings::lower() etc...",
                "ext-tokenizer": "to use Nette\\Utils\\Reflection::getUseStatements()",
                "ext-xml": "to use Strings::length() etc. when mbstring is not available"
            },
            "type": "library",
            "extra": {
                "branch-alias": {
                    "dev-master": "3.2-dev"
                }
            },
            "autoload": {
                "classmap": [
                    "src/"
                ]
            },
            "notification-url": "https://packagist.org/downloads/",
            "license": [
                "BSD-3-Clause",
                "GPL-2.0-only",
                "GPL-3.0-only"
            ],
            "authors": [
                {
                    "name": "David Grudl",
                    "homepage": "https://davidgrudl.com"
                },
                {
                    "name": "Nette Community",
                    "homepage": "https://nette.org/contributors"
                }
            ],
            "description": "🛠  Nette Utils: lightweight utilities for string & array manipulation, image handling, safe JSON encoding/decoding, validation, slug or strong password generating etc.",
            "homepage": "https://nette.org",
            "keywords": [
                "array",
                "core",
                "datetime",
                "images",
                "json",
                "nette",
                "paginator",
                "password",
                "slugify",
                "string",
                "unicode",
                "utf-8",
                "utility",
                "validation"
            ],
            "support": {
                "issues": "https://github.com/nette/utils/issues",
                "source": "https://github.com/nette/utils/tree/v3.2.0"
            },
            "time": "2020-11-25T23:47:50+00:00"
        },
        {
            "name": "shogochiai/php-zmq",
            "version": "dev-master",
            "source": {
                "type": "git",
                "url": "https://github.com/shogochiai/php-zmq.git",
                "reference": "b4d2fe7e26f06b670d13a2fcf7e18a05a9a02c47"
            },
            "dist": {
                "type": "zip",
                "url": "https://api.github.com/repos/shogochiai/php-zmq/zipball/b4d2fe7e26f06b670d13a2fcf7e18a05a9a02c47",
                "reference": "b4d2fe7e26f06b670d13a2fcf7e18a05a9a02c47",
                "shasum": ""
            },
            "default-branch": true,
            "type": "library",
            "notification-url": "https://packagist.org/downloads/",
            "description": "Zero MQ library for php",
            "support": {
                "source": "https://github.com/shogochiai/php-zmq/tree/master"
            },
            "time": "2015-06-16T02:11:43+00:00"
        }
    ],
    "packages-dev": [],
    "aliases": [],
    "minimum-stability": "stable",
    "stability-flags": {
        "shogochiai/php-zmq": 20
    },
    "prefer-stable": false,
    "prefer-lowest": false,
    "platform": [],
    "platform-dev": [],
    "plugin-api-version": "2.0.0"
}
